{
  "name": "test-package",
  "version": "1.0.0",
  "lockfileVersion": 3,
  "requires": true,
  "packages": {
    "": {
      "name": "test-package",
      "version": "1.0.0",
      "dependencies": {
        "test-dep": "^1.0.0"
      }
    },
    "node_modules/test-dep": {
      "version": "1.5.0",
      "resolved": "https://registry.npmjs.org/test-dep/-/test-dep-1.5.0.tgz",
      "integrity": "sha512-mpk9wVyN5uvvng/NQuzEsAyPlAaBzuFWvz458E+N4VmMqFQrCTqM8/ushmQ/RK2YCcH0GT3UXGM6utk5OcIqfQ==",
      "license": "ISC"
    }
  }
}
